// !$*UTF8*$!
{
	archiveVersion = 1;
	classes = {
	};
	objectVersion = 77;
	objects = {

/* Begin PBXContainerItemProxy section */
		342BE6262E7BAE1F00EE4D84 /* PBXContainerItemProxy */ = {
			isa = PBXContainerItemProxy;
			containerPortal = 342BE6102E7BAE1E00EE4D84 /* Project object */;
			proxyType = 1;
			remoteGlobalIDString = 342BE6172E7BAE1E00EE4D84;
			remoteInfo = Parlo_Soc;
		};
		342BE6302E7BAE1F00EE4D84 /* PBXContainerItemProxy */ = {
			isa = PBXContainerItemProxy;
			containerPortal = 342BE6102E7BAE1E00EE4D84 /* Project object */;
			proxyType = 1;
			remoteGlobalIDString = 342BE6172E7BAE1E00EE4D84;
			remoteInfo = Parlo_Soc;
		};
/* End PBXContainerItemProxy section */

/* Begin PBXFileReference section */
		342BE6182E7BAE1E00EE4D84 /* Parlo_Soc.app */ = {isa = PBXFileReference; explicitFileType = wrapper.application; includeInIndex = 0; path = Parlo_Soc.app; sourceTree = BUILT_PRODUCTS_DIR; };
		342BE6252E7BAE1F00EE4D84 /* Parlo_SocTests.xctest */ = {isa = PBXFileReference; explicitFileType = wrapper.cfbundle; includeInIndex = 0; path = Parlo_SocTests.xctest; sourceTree = BUILT_PRODUCTS_DIR; };
		342BE62F2E7BAE1F00EE4D84 /* Parlo_SocUITests.xctest */ = {isa = PBXFileReference; explicitFileType = wrapper.cfbundle; includeInIndex = 0; path = Parlo_SocUITests.xctest; sourceTree = BUILT_PRODUCTS_DIR; };
/* End PBXFileReference section */

/* Begin PBXFileSystemSynchronizedRootGroup section */
		342BE61A2E7BAE1E00EE4D84 /* Parlo_Soc */ = {
			isa = PBXFileSystemSynchronizedRootGroup;
			path = Parlo_Soc;
			sourceTree = "<group>";
		};
		342BE6282E7BAE1F00EE4D84 /* Parlo_SocTests */ = {
			isa = PBXFileSystemSynchronizedRootGroup;
			path = Parlo_SocTests;
			sourceTree = "<group>";
		};
		342BE6322E7BAE1F00EE4D84 /* Parlo_SocUITests */ = {
			isa = PBXFileSystemSynchronizedRootGroup;
			path = Parlo_SocUITests;
			sourceTree = "<group>";
		};
/* End PBXFileSystemSynchronizedRootGroup section */

/* Begin PBXFrameworksBuildPhase section */
		342BE6152E7BAE1E00EE4D84 /* Frameworks */ = {
			isa = PBXFrameworksBuildPhase;
			buildActionMask = 2147483647;
			files = (
			);
			runOnlyForDeploymentPostprocessing = 0;
		};
		342BE6222E7BAE1F00EE4D84 /* Frameworks */ = {
			isa = PBXFrameworksBuildPhase;
			buildActionMask = 2147483647;
			files = (
			);
			runOnlyForDeploymentPostprocessing = 0;
		};
		342BE62C2E7BAE1F00EE4D84 /* Frameworks */ = {
			isa = PBXFrameworksBuildPhase;
			buildActionMask = 2147483647;
			files = (
			);
			runOnlyForDeploymentPostprocessing = 0;
		};
/* End PBXFrameworksBuildPhase section */

/* Begin PBXGroup section */
		342BE60F2E7BAE1E00EE4D84 = {
			isa = PBXGroup;
			children = (
				342BE61A2E7BAE1E00EE4D84 /* Parlo_Soc */,
				342BE6282E7BAE1F00EE4D84 /* Parlo_SocTests */,
				342BE6322E7BAE1F00EE4D84 /* Parlo_SocUITests */,
				342BE6192E7BAE1E00EE4D84 /* Products */,
			);
			sourceTree = "<group>";
		};
		342BE6192E7BAE1E00EE4D84 /* Products */ = {
			isa = PBXGroup;
			children = (
				342BE6182E7BAE1E00EE4D84 /* Parlo_Soc.app */,
				342BE6252E7BAE1F00EE4D84 /* Parlo_SocTests.xctest */,
				342BE62F2E7BAE1F00EE4D84 /* Parlo_SocUITests.xctest */,
			);
			name = Products;
			sourceTree = "<group>";
		};
/* End PBXGroup section */

/* Begin PBXNativeTarget section */
		342BE6172E7BAE1E00EE4D84 /* Parlo_Soc */ = {
			isa = PBXNativeTarget;
			buildConfigurationList = 342BE6392E7BAE1F00EE4D84 /* Build configuration list for PBXNativeTarget "Parlo_Soc" */;
			buildPhases = (
				342BE6142E7BAE1E00EE4D84 /* Sources */,
				342BE6152E7BAE1E00EE4D84 /* Frameworks */,
				342BE6162E7BAE1E00EE4D84 /* Resources */,
			);
			buildRules = (
			);
			dependencies = (
			);
			fileSystemSynchronizedGroups = (
				342BE61A2E7BAE1E00EE4D84 /* Parlo_Soc */,
			);
			name = Parlo_Soc;
			packageProductDependencies = (
			);
			productName = Parlo_Soc;
			productReference = 342BE6182E7BAE1E00EE4D84 /* Parlo_Soc.app */;
			productType = "com.apple.product-type.application";
		};
		342BE6242E7BAE1F00EE4D84 /* Parlo_SocTests */ = {
			isa = PBXNativeTarget;
			buildConfigurationList = 342BE63C2E7BAE1F00EE4D84 /* Build configuration list for PBXNativeTarget "Parlo_SocTests" */;
			buildPhases = (
				342BE6212E7BAE1F00EE4D84 /* Sources */,
				342BE6222E7BAE1F00EE4D84 /* Frameworks */,
				342BE6232E7BAE1F00EE4D84 /* Resources */,
			);
			buildRules = (
			);
			dependencies = (
				342BE6272E7BAE1F00EE4D84 /* PBXTargetDependency */,
			);
			fileSystemSynchronizedGroups = (
				342BE6282E7BAE1F00EE4D84 /* Parlo_SocTests */,
			);
			name = Parlo_SocTests;
			packageProductDependencies = (
			);
			productName = Parlo_SocTests;
			productReference = 342BE6252E7BAE1F00EE4D84 /* Parlo_SocTests.xctest */;
			productType = "com.apple.product-type.bundle.unit-test";
		};
		342BE62E2E7BAE1F00EE4D84 /* Parlo_SocUITests */ = {
			isa = PBXNativeTarget;
			buildConfigurationList = 342BE63F2E7BAE1F00EE4D84 /* Build configuration list for PBXNativeTarget "Parlo_SocUITests" */;
			buildPhases = (
				342BE62B2E7BAE1F00EE4D84 /* Sources */,
				342BE62C2E7BAE1F00EE4D84 /* Frameworks */,
				342BE62D2E7BAE1F00EE4D84 /* Resources */,
			);
			buildRules = (
			);
			dependencies = (
				342BE6312E7BAE1F00EE4D84 /* PBXTargetDependency */,
			);
			fileSystemSynchronizedGroups = (
				342BE6322E7BAE1F00EE4D84 /* Parlo_SocUITests */,
			);
			name = Parlo_SocUITests;
			packageProductDependencies = (
			);
			productName = Parlo_SocUITests;
			productReference = 342BE62F2E7BAE1F00EE4D84 /* Parlo_SocUITests.xctest */;
			productType = "com.apple.product-type.bundle.ui-testing";
		};
/* End PBXNativeTarget section */

/* Begin PBXProject section */
		342BE6102E7BAE1E00EE4D84 /* Project object */ = {
			isa = PBXProject;
			attributes = {
				BuildIndependentTargetsInParallel = 1;
				LastSwiftUpdateCheck = 1630;
				LastUpgradeCheck = 1630;
				TargetAttributes = {
					342BE6172E7BAE1E00EE4D84 = {
						CreatedOnToolsVersion = 16.3;
					};
					342BE6242E7BAE1F00EE4D84 = {
						CreatedOnToolsVersion = 16.3;
						TestTargetID = 342BE6172E7BAE1E00EE4D84;
					};
					342BE62E2E7BAE1F00EE4D84 = {
						CreatedOnToolsVersion = 16.3;
						TestTargetID = 342BE6172E7BAE1E00EE4D84;
					};
				};
			};
			buildConfigurationList = 342BE6132E7BAE1E00EE4D84 /* Build configuration list for PBXProject "Parlo_Soc" */;
			developmentRegion = en;
			hasScannedForEncodings = 0;
			knownRegions = (
				en,
				Base,
			);
			mainGroup = 342BE60F2E7BAE1E00EE4D84;
			minimizedProjectReferenceProxies = 1;
			preferredProjectObjectVersion = 77;
			productRefGroup = 342BE6192E7BAE1E00EE4D84 /* Products */;
			projectDirPath = "";
			projectRoot = "";
			targets = (
				342BE6172E7BAE1E00EE4D84 /* Parlo_Soc */,
				342BE6242E7BAE1F00EE4D84 /* Parlo_SocTests */,
				342BE62E2E7BAE1F00EE4D84 /* Parlo_SocUITests */,
			);
		};
/* End PBXProject section */

/* Begin PBXResourcesBuildPhase section */
		342BE6162E7BAE1E00EE4D84 /* Resources */ = {
			isa = PBXResourcesBuildPhase;
			buildActionMask = 2147483647;
			files = (
			);
			runOnlyForDeploymentPostprocessing = 0;
		};
		342BE6232E7BAE1F00EE4D84 /* Resources */ = {
			isa = PBXResourcesBuildPhase;
			buildActionMask = 2147483647;
			files = (
			);
			runOnlyForDeploymentPostprocessing = 0;
		};
		342BE62D2E7BAE1F00EE4D84 /* Resources */ = {
			isa = PBXResourcesBuildPhase;
			buildActionMask = 2147483647;
			files = (
			);
			runOnlyForDeploymentPostprocessing = 0;
		};
/* End PBXResourcesBuildPhase section */

/* Begin PBXSourcesBuildPhase section */
		342BE6142E7BAE1E00EE4D84 /* Sources */ = {
			isa = PBXSourcesBuildPhase;
			buildActionMask = 2147483647;
			files = (
			);
			runOnlyForDeploymentPostprocessing = 0;
		};
		342BE6212E7BAE1F00EE4D84 /* Sources */ = {
			isa = PBXSourcesBuildPhase;
			buildActionMask = 2147483647;
			files = (
			);
			runOnlyForDeploymentPostprocessing = 0;
		};
		342BE62B2E7BAE1F00EE4D84 /* Sources */ = {
			isa = PBXSourcesBuildPhase;
			buildActionMask = 2147483647;
			files = (
			);
			runOnlyForDeploymentPostprocessing = 0;
		};
/* End PBXSourcesBuildPhase section */

/* Begin PBXTargetDependency section */
		342BE6272E7BAE1F00EE4D84 /* PBXTargetDependency */ = {
			isa = PBXTargetDependency;
			target = 342BE6172E7BAE1E00EE4D84 /* Parlo_Soc */;
			targetProxy = 342BE6262E7BAE1F00EE4D84 /* PBXContainerItemProxy */;
		};
		342BE6312E7BAE1F00EE4D84 /* PBXTargetDependency */ = {
			isa = PBXTargetDependency;
			target = 342BE6172E7BAE1E00EE4D84 /* Parlo_Soc */;
			targetProxy = 342BE6302E7BAE1F00EE4D84 /* PBXContainerItemProxy */;
		};
/* End PBXTargetDependency section */

/* Begin XCBuildConfiguration section */
		342BE6372E7BAE1F00EE4D84 /* Debug */ = {
			isa = XCBuildConfiguration;
			buildSettings = {
				ALWAYS_SEARCH_USER_PATHS = NO;
				ASSETCATALOG_COMPILER_GENERATE_SWIFT_ASSET_SYMBOL_EXTENSIONS = YES;
				CLANG_ANALYZER_NONNULL = YES;
				CLANG_ANALYZER_NUMBER_OBJECT_CONVERSION = YES_AGGRESSIVE;
				CLANG_CXX_LANGUAGE_STANDARD = "gnu++20";
				CLANG_ENABLE_MODULES = YES;
				CLANG_ENABLE_OBJC_ARC = YES;
				CLANG_ENABLE_OBJC_WEAK = YES;
				CLANG_WARN_BLOCK_CAPTURE_AUTORELEASING = YES;
				CLANG_WARN_BOOL_CONVERSION = YES;
				CLANG_WARN_COMMA = YES;
				CLANG_WARN_CONSTANT_CONVERSION = YES;
				CLANG_WARN_DEPRECATED_OBJC_IMPLEMENTATIONS = YES;
				CLANG_WARN_DIRECT_OBJC_ISA_USAGE = YES_ERROR;
				CLANG_WARN_DOCUMENTATION_COMMENTS = YES;
				CLANG_WARN_EMPTY_BODY = YES;
				CLANG_WARN_ENUM_CONVERSION = YES;
				CLANG_WARN_INFINITE_RECURSION = YES;
				CLANG_WARN_INT_CONVERSION = YES;
				CLANG_WARN_NON_LITERAL_NULL_CONVERSION = YES;
				CLANG_WARN_OBJC_IMPLICIT_RETAIN_SELF = YES;
				CLANG_WARN_OBJC_LITERAL_CONVERSION = YES;
				CLANG_WARN_OBJC_ROOT_CLASS = YES_ERROR;
				CLANG_WARN_QUOTED_INCLUDE_IN_FRAMEWORK_HEADER = YES;
				CLANG_WARN_RANGE_LOOP_ANALYSIS = YES;
				CLANG_WARN_STRICT_PROTOTYPES = YES;
				CLANG_WARN_SUSPICIOUS_MOVE = YES;
				CLANG_WARN_UNGUARDED_AVAILABILITY = YES_AGGRESSIVE;
				CLANG_WARN_UNREACHABLE_CODE = YES;
				CLANG_WARN__DUPLICATE_METHOD_MATCH = YES;
				COPY_PHASE_STRIP = NO;
				DEBUG_INFORMATION_FORMAT = dwarf;
				ENABLE_STRICT_OBJC_MSGSEND = YES;
				ENABLE_TESTABILITY = YES;
				ENABLE_USER_SCRIPT_SANDBOXING = YES;
				GCC_C_LANGUAGE_STANDARD = gnu17;
				GCC_DYNAMIC_NO_PIC = NO;
				GCC_NO_COMMON_BLOCKS = YES;
				GCC_OPTIMIZATION_LEVEL = 0;
				GCC_PREPROCESSOR_DEFINITIONS = (
					"DEBUG=1",
					"$(inherited)",
				);
				GCC_WARN_64_TO_32_BIT_CONVERSION = YES;
				GCC_WARN_ABOUT_RETURN_TYPE = YES_ERROR;
				GCC_WARN_UNDECLARED_SELECTOR = YES;
				GCC_WARN_UNINITIALIZED_AUTOS = YES_AGGRESSIVE;
				GCC_WARN_UNUSED_FUNCTION = YES;
				GCC_WARN_UNUSED_VARIABLE = YES;
				IPHONEOS_DEPLOYMENT_TARGET = 18.4;
				LOCALIZATION_PREFERS_STRING_CATALOGS = YES;
				MTL_ENABLE_DEBUG_INFO = INCLUDE_SOURCE;
				MTL_FAST_MATH = YES;
				ONLY_ACTIVE_ARCH = YES;
				SDKROOT = iphoneos;
				SWIFT_ACTIVE_COMPILATION_CONDITIONS = "DEBUG $(inherited)";
				SWIFT_OPTIMIZATION_LEVEL = "-Onone";
			};
			name = Debug;
		};
		342BE6382E7BAE1F00EE4D84 /* Release */ = {
			isa = XCBuildConfiguration;
			buildSettings = {
				ALWAYS_SEARCH_USER_PATHS = NO;
				ASSETCATALOG_COMPILER_GENERATE_SWIFT_ASSET_SYMBOL_EXTENSIONS = YES;
				CLANG_ANALYZER_NONNULL = YES;
				CLANG_ANALYZER_NUMBER_OBJECT_CONVERSION = YES_AGGRESSIVE;
				CLANG_CXX_LANGUAGE_STANDARD = "gnu++20";
				CLANG_ENABLE_MODULES = YES;
				CLANG_ENABLE_OBJC_ARC = YES;
				CLANG_ENABLE_OBJC_WEAK = YES;
				CLANG_WARN_BLOCK_CAPTURE_AUTORELEASING = YES;
				CLANG_WARN_BOOL_CONVERSION = YES;
				CLANG_WARN_COMMA = YES;
				CLANG_WARN_CONSTANT_CONVERSION = YES;
				CLANG_WARN_DEPRECATED_OBJC_IMPLEMENTATIONS = YES;
				CLANG_WARN_DIRECT_OBJC_ISA_USAGE = YES_ERROR;
				CLANG_WARN_DOCUMENTATION_COMMENTS = YES;
				CLANG_WARN_EMPTY_BODY = YES;
				CLANG_WARN_ENUM_CONVERSION = YES;
				CLANG_WARN_INFINITE_RECURSION = YES;
				CLANG_WARN_INT_CONVERSION = YES;
				CLANG_WARN_NON_LITERAL_NULL_CONVERSION = YES;
				CLANG_WARN_OBJC_IMPLICIT_RETAIN_SELF = YES;
				CLANG_WARN_OBJC_LITERAL_CONVERSION = YES;
				CLANG_WARN_OBJC_ROOT_CLASS = YES_ERROR;
				CLANG_WARN_QUOTED_INCLUDE_IN_FRAMEWORK_HEADER = YES;
				CLANG_WARN_RANGE_LOOP_ANALYSIS = YES;
				CLANG_WARN_STRICT_PROTOTYPES = YES;
				CLANG_WARN_SUSPICIOUS_MOVE = YES;
				CLANG_WARN_UNGUARDED_AVAILABILITY = YES_AGGRESSIVE;
				CLANG_WARN_UNREACHABLE_CODE = YES;
				CLANG_WARN__DUPLICATE_METHOD_MATCH = YES;
				COPY_PHASE_STRIP = NO;
				DEBUG_INFORMATION_FORMAT = "dwarf-with-dsym";
				ENABLE_NS_ASSERTIONS = NO;
				ENABLE_STRICT_OBJC_MSGSEND = YES;
				ENABLE_USER_SCRIPT_SANDBOXING = YES;
				GCC_C_LANGUAGE_STANDARD = gnu17;
				GCC_NO_COMMON_BLOCKS = YES;
				GCC_WARN_64_TO_32_BIT_CONVERSION = YES;
				GCC_WARN_ABOUT_RETURN_TYPE = YES_ERROR;
				GCC_WARN_UNDECLARED_SELECTOR = YES;
				GCC_WARN_UNINITIALIZED_AUTOS = YES_AGGRESSIVE;
				GCC_WARN_UNUSED_FUNCTION = YES;
				GCC_WARN_UNUSED_VARIABLE = YES;
				IPHONEOS_DEPLOYMENT_TARGET = 18.4;
				LOCALIZATION_PREFERS_STRING_CATALOGS = YES;
				MTL_ENABLE_DEBUG_INFO = NO;
				MTL_FAST_MATH = YES;
				SDKROOT = iphoneos;
				SWIFT_COMPILATION_MODE = wholemodule;
				VALIDATE_PRODUCT = YES;
			};
			name = Release;
		};
		342BE63A2E7BAE1F00EE4D84 /* Debug */ = {
			isa = XCBuildConfiguration;
			buildSettings = {
				ASSETCATALOG_COMPILER_APPICON_NAME = AppIcon;
				ASSETCATALOG_COMPILER_GLOBAL_ACCENT_COLOR_NAME = AccentColor;
				CODE_SIGN_STYLE = Automatic;
				CURRENT_PROJECT_VERSION = 1;
				ENABLE_PREVIEWS = YES;
				GENERATE_INFOPLIST_FILE = YES;
				INFOPLIST_KEY_UIApplicationSceneManifest_Generation = YES;
				INFOPLIST_KEY_UIApplicationSupportsIndirectInputEvents = YES;
				INFOPLIST_KEY_UILaunchScreen_Generation = YES;
				INFOPLIST_KEY_UISupportedInterfaceOrientations_iPad = "UIInterfaceOrientationPortrait UIInterfaceOrientationPortraitUpsideDown UIInterfaceOrientationLandscapeLeft UIInterfaceOrientationLandscapeRight";
				INFOPLIST_KEY_UISupportedInterfaceOrientations_iPhone = "UIInterfaceOrientationPortrait UIInterfaceOrientationLandscapeLeft UIInterfaceOrientationLandscapeRight";
				LD_RUNPATH_SEARCH_PATHS = (
					"$(inherited)",
					"@executable_path/Frameworks",
				);
				MARKETING_VERSION = 1.0;
				PRODUCT_BUNDLE_IDENTIFIER = "com.MichalGurovith.Parlo-Soc";
				PRODUCT_NAME = "$(TARGET_NAME)";
				SWIFT_EMIT_LOC_STRINGS = YES;
				SWIFT_VERSION = 5.0;
				TARGETED_DEVICE_FAMILY = "1,2";
			};
			name = Debug;
		};
		342BE63B2E7BAE1F00EE4D84 /* Release */ = {
			isa = XCBuildConfiguration;
			buildSettings = {
				ASSETCATALOG_COMPILER_APPICON_NAME = AppIcon;
				ASSETCATALOG_COMPILER_GLOBAL_ACCENT_COLOR_NAME = AccentColor;
				CODE_SIGN_STYLE = Automatic;
				CURRENT_PROJECT_VERSION = 1;
				ENABLE_PREVIEWS = YES;
				GENERATE_INFOPLIST_FILE = YES;
				INFOPLIST_KEY_UIApplicationSceneManifest_Generation = YES;
				INFOPLIST_KEY_UIApplicationSupportsIndirectInputEvents = YES;
				INFOPLIST_KEY_UILaunchScreen_Generation = YES;
				INFOPLIST_KEY_UISupportedInterfaceOrientations_iPad = "UIInterfaceOrientationPortrait UIInterfaceOrientationPortraitUpsideDown UIInterfaceOrientationLandscapeLeft UIInterfaceOrientationLandscapeRight";
				INFOPLIST_KEY_UISupportedInterfaceOrientations_iPhone = "UIInterfaceOrientationPortrait UIInterfaceOrientationLandscapeLeft UIInterfaceOrientationLandscapeRight";
				LD_RUNPATH_SEARCH_PATHS = (
					"$(inherited)",
					"@executable_path/Frameworks",
				);
				MARKETING_VERSION = 1.0;
				PRODUCT_BUNDLE_IDENTIFIER = "com.MichalGurovith.Parlo-Soc";
				PRODUCT_NAME = "$(TARGET_NAME)";
				SWIFT_EMIT_LOC_STRINGS = YES;
				SWIFT_VERSION = 5.0;
				TARGETED_DEVICE_FAMILY = "1,2";
			};
			name = Release;
		};
		342BE63D2E7BAE1F00EE4D84 /* Debug */ = {
			isa = XCBuildConfiguration;
			buildSettings = {
				BUNDLE_LOADER = "$(TEST_HOST)";
				CODE_SIGN_STYLE = Automatic;
				CURRENT_PROJECT_VERSION = 1;
				GENERATE_INFOPLIST_FILE = YES;
				IPHONEOS_DEPLOYMENT_TARGET = 18.4;
				MARKETING_VERSION = 1.0;
				PRODUCT_BUNDLE_IDENTIFIER = "com.MichalGurovith.Parlo-SocTests";
				PRODUCT_NAME = "$(TARGET_NAME)";
				SWIFT_EMIT_LOC_STRINGS = NO;
				SWIFT_VERSION = 5.0;
				TARGETED_DEVICE_FAMILY = "1,2";
				TEST_HOST = "$(BUILT_PRODUCTS_DIR)/Parlo_Soc.app/$(BUNDLE_EXECUTABLE_FOLDER_PATH)/Parlo_Soc";
			};
			name = Debug;
		};
		342BE63E2E7BAE1F00EE4D84 /* Release */ = {
			isa = XCBuildConfiguration;
			buildSettings = {
				BUNDLE_LOADER = "$(TEST_HOST)";
				CODE_SIGN_STYLE = Automatic;
				CURRENT_PROJECT_VERSION = 1;
				GENERATE_INFOPLIST_FILE = YES;
				IPHONEOS_DEPLOYMENT_TARGET = 18.4;
				MARKETING_VERSION = 1.0;
				PRODUCT_BUNDLE_IDENTIFIER = "com.MichalGurovith.Parlo-SocTests";
				PRODUCT_NAME = "$(TARGET_NAME)";
				SWIFT_EMIT_LOC_STRINGS = NO;
				SWIFT_VERSION = 5.0;
				TARGETED_DEVICE_FAMILY = "1,2";
				TEST_HOST = "$(BUILT_PRODUCTS_DIR)/Parlo_Soc.app/$(BUNDLE_EXECUTABLE_FOLDER_PATH)/Parlo_Soc";
			};
			name = Release;
		};
		342BE6402E7BAE1F00EE4D84 /* Debug */ = {
			isa = XCBuildConfiguration;
			buildSettings = {
				CODE_SIGN_STYLE = Automatic;
				CURRENT_PROJECT_VERSION = 1;
				GENERATE_INFOPLIST_FILE = YES;
				MARKETING_VERSION = 1.0;
				PRODUCT_BUNDLE_IDENTIFIER = "com.MichalGurovith.Parlo-SocUITests";
				PRODUCT_NAME = "$(TARGET_NAME)";
				SWIFT_EMIT_LOC_STRINGS = NO;
				SWIFT_VERSION = 5.0;
				TARGETED_DEVICE_FAMILY = "1,2";
				TEST_TARGET_NAME = Parlo_Soc;
			};
			name = Debug;
		};
		342BE6412E7BAE1F00EE4D84 /* Release */ = {
			isa = XCBuildConfiguration;
			buildSettings = {
				CODE_SIGN_STYLE = Automatic;
				CURRENT_PROJECT_VERSION = 1;
				GENERATE_INFOPLIST_FILE = YES;
				MARKETING_VERSION = 1.0;
				PRODUCT_BUNDLE_IDENTIFIER = "com.MichalGurovith.Parlo-SocUITests";
				PRODUCT_NAME = "$(TARGET_NAME)";
				SWIFT_EMIT_LOC_STRINGS = NO;
				SWIFT_VERSION = 5.0;
				TARGETED_DEVICE_FAMILY = "1,2";
				TEST_TARGET_NAME = Parlo_Soc;
			};
			name = Release;
		};
/* End XCBuildConfiguration section */

/* Begin XCConfigurationList section */
		342BE6132E7BAE1E00EE4D84 /* Build configuration list for PBXProject "Parlo_Soc" */ = {
			isa = XCConfigurationList;
			buildConfigurations = (
				342BE6372E7BAE1F00EE4D84 /* Debug */,
				342BE6382E7BAE1F00EE4D84 /* Release */,
			);
			defaultConfigurationIsVisible = 0;
			defaultConfigurationName = Release;
		};
		342BE6392E7BAE1F00EE4D84 /* Build configuration list for PBXNativeTarget "Parlo_Soc" */ = {
			isa = XCConfigurationList;
			buildConfigurations = (
				342BE63A2E7BAE1F00EE4D84 /* Debug */,
				342BE63B2E7BAE1F00EE4D84 /* Release */,
			);
			defaultConfigurationIsVisible = 0;
			defaultConfigurationName = Release;
		};
		342BE63C2E7BAE1F00EE4D84 /* Build configuration list for PBXNativeTarget "Parlo_SocTests" */ = {
			isa = XCConfigurationList;
			buildConfigurations = (
				342BE63D2E7BAE1F00EE4D84 /* Debug */,
				342BE63E2E7BAE1F00EE4D84 /* Release */,
			);
			defaultConfigurationIsVisible = 0;
			defaultConfigurationName = Release;
		};
		342BE63F2E7BAE1F00EE4D84 /* Build configuration list for PBXNativeTarget "Parlo_SocUITests" */ = {
			isa = XCConfigurationList;
			buildConfigurations = (
				342BE6402E7BAE1F00EE4D84 /* Debug */,
				342BE6412E7BAE1F00EE4D84 /* Release */,
			);
			defaultConfigurationIsVisible = 0;
			defaultConfigurationName = Release;
		};
/* End XCConfigurationList section */
	};
	rootObject = 342BE6102E7BAE1E00EE4D84 /* Project object */;
}
